
Microsoft Visual Studio Solution File, Format Version 12.00
# Visual Studio Version 16
VisualStudioVersion = 16.0.32126.315
MinimumVisualStudioVersion = 10.0.40219.1
Project("{9A19103F-16F7-4668-BE54-9A1E7A4F7556}") = "CryptoOrderManagerService", "CryptoOrderManagerService\CryptoOrderManagerService.csproj", "{E275CB8E-FA0D-4561-8DC3-D9FAEF3AC365}"
EndProject
Project("{9A19103F-16F7-4668-BE54-9A1E7A4F7556}") = "Crypto.Data", "Crypto.Data\Crypto.Data.csproj", "{FD41DFBE-311E-4229-852D-7886A8617B08}"
EndProject
Project("{9A19103F-16F7-4668-BE54-9A1E7A4F7556}") = "DomainModel", "DomainModel\DomainModel.csproj", "{6CD75E7C-65CE-4592-BEF3-F953184BD3E4}"
EndProject
Global
	GlobalSection(SolutionConfigurationPlatforms) = preSolution
		Debug|Any CPU = Debug|Any CPU
		Release|Any CPU = Release|Any CPU
	EndGlobalSection
	GlobalSection(ProjectConfigurationPlatforms) = postSolution
		{E275CB8E-FA0D-4561-8DC3-D9FAEF3AC365}.Debug|Any CPU.ActiveCfg = Debug|Any CPU
		{E275CB8E-FA0D-4561-8DC3-D9FAEF3AC365}.Debug|Any CPU.Build.0 = Debug|Any CPU
		{E275CB8E-FA0D-4561-8DC3-D9FAEF3AC365}.Release|Any CPU.ActiveCfg = Release|Any CPU
		{E275CB8E-FA0D-4561-8DC3-D9FAEF3AC365}.Release|Any CPU.Build.0 = Release|Any CPU
		{FD41DFBE-311E-4229-852D-7886A8617B08}.Debug|Any CPU.ActiveCfg = Debug|Any CPU
		{FD41DFBE-311E-4229-852D-7886A8617B08}.Debug|Any CPU.Build.0 = Debug|Any CPU
		{FD41DFBE-311E-4229-852D-7886A8617B08}.Release|Any CPU.ActiveCfg = Release|Any CPU
		{FD41DFBE-311E-4229-852D-7886A8617B08}.Release|Any CPU.Build.0 = Release|Any CPU
		{6CD75E7C-65CE-4592-BEF3-F953184BD3E4}.Debug|Any CPU.ActiveCfg = Debug|Any CPU
		{6CD75E7C-65CE-4592-BEF3-F953184BD3E4}.Debug|Any CPU.Build.0 = Debug|Any CPU
		{6CD75E7C-65CE-4592-BEF3-F953184BD3E4}.Release|Any CPU.ActiveCfg = Release|Any CPU
		{6CD75E7C-65CE-4592-BEF3-F953184BD3E4}.Release|Any CPU.Build.0 = Release|Any CPU
	EndGlobalSection
	GlobalSection(SolutionProperties) = preSolution
		HideSolutionNode = FALSE
	EndGlobalSection
	GlobalSection(ExtensibilityGlobals) = postSolution
		SolutionGuid = {866B811A-3E57-48A8-B7B4-BAA1D15F40D3}
	EndGlobalSection
EndGlobal
